// !$*UTF8*$!
{
	archiveVersion = 1;
	classes = {
	};
	objectVersion = 50;
	objects = {

/* Begin PBXBuildFile section */
		6A1AF692243F155C00A58EA2 /* NumbersGameUtils.cpp in Sources */ = {isa = PBXBuildFile; fileRef = 6AAE59C323EDCB9D002860B6 /* NumbersGameUtils.cpp */; };
		6A1AF695243F1BFC00A58EA2 /* ExpressionsGenerator.h in Sources */ = {isa = PBXBuildFile; fileRef = 6A1AF68C243F10D300A58EA2 /* ExpressionsGenerator.h */; };
		6A1AF696243F203F00A58EA2 /* ExpressionsGeneratorTests.cpp in Sources */ = {isa = PBXBuildFile; fileRef = 6A1AF694243F1BF000A58EA2 /* ExpressionsGeneratorTests.cpp */; };
		6AA821DC23D0ECF2003CA7FC /* main.cpp in Sources */ = {isa = PBXBuildFile; fileRef = 6AA821DB23D0ECF2003CA7FC /* main.cpp */; };
		6AA8220123DAF57B003CA7FC /* LettersGame.cpp in Sources */ = {isa = PBXBuildFile; fileRef = 6AA8220023DAF57B003CA7FC /* LettersGame.cpp */; };
		6AA8220823DB1833003CA7FC /* Io.cpp in Sources */ = {isa = PBXBuildFile; fileRef = 6AA8220723DB1833003CA7FC /* Io.cpp */; };
		6AA8220E23DB1A69003CA7FC /* NumbersGame.cpp in Sources */ = {isa = PBXBuildFile; fileRef = 6AA8220C23DB1A69003CA7FC /* NumbersGame.cpp */; };
		6AA8221623DDEF27003CA7FC /* ConundrumGame.cpp in Sources */ = {isa = PBXBuildFile; fileRef = 6AA8221523DDEF27003CA7FC /* ConundrumGame.cpp */; };
		6AAE59C223EDCABD002860B6 /* NumbersGame.cpp in Sources */ = {isa = PBXBuildFile; fileRef = 6AA8220C23DB1A69003CA7FC /* NumbersGame.cpp */; };
		6AAE59C423EDCB9D002860B6 /* NumbersGameUtils.cpp in Sources */ = {isa = PBXBuildFile; fileRef = 6AAE59C323EDCB9D002860B6 /* NumbersGameUtils.cpp */; };
		6AAE59C723EDCEC6002860B6 /* main.cpp in Sources */ = {isa = PBXBuildFile; fileRef = 6AAE59C623EDCEC6002860B6 /* main.cpp */; };
		6AAE59C923EDCF36002860B6 /* NumbersGameTests.cpp in Sources */ = {isa = PBXBuildFile; fileRef = 6AAE59C823EDCF36002860B6 /* NumbersGameTests.cpp */; };
		6AAE59CE23F2AF64002860B6 /* LettersGameTests.cpp in Sources */ = {isa = PBXBuildFile; fileRef = 6AAE59CD23F2AF64002860B6 /* LettersGameTests.cpp */; };
		6AAE59CF23F2F524002860B6 /* LettersGame.cpp in Sources */ = {isa = PBXBuildFile; fileRef = 6AA8220023DAF57B003CA7FC /* LettersGame.cpp */; };
		6AAE59D423F328E6002860B6 /* ConundrumGameTests.cpp in Sources */ = {isa = PBXBuildFile; fileRef = 6AAE59D323F328E6002860B6 /* ConundrumGameTests.cpp */; };
		6AAE59D523F3294C002860B6 /* ConundrumGame.cpp in Sources */ = {isa = PBXBuildFile; fileRef = 6AA8221523DDEF27003CA7FC /* ConundrumGame.cpp */; };
		6ACAE9D023E1A5E80018DCD2 /* NumbersGameUtilsTests.cpp in Sources */ = {isa = PBXBuildFile; fileRef = 6ACAE9CF23E1A5E80018DCD2 /* NumbersGameUtilsTests.cpp */; };
/* End PBXBuildFile section */

/* Begin PBXCopyFilesBuildPhase section */
		6AA821D623D0ECF2003CA7FC /* CopyFiles */ = {
			isa = PBXCopyFilesBuildPhase;
			buildActionMask = 2147483647;
			dstPath = /usr/share/man/man1/;
			dstSubfolderSpec = 0;
			files = (
			);
			runOnlyForDeploymentPostprocessing = 1;
		};
		6ACAE9C423E1A2E80018DCD2 /* CopyFiles */ = {
			isa = PBXCopyFilesBuildPhase;
			buildActionMask = 2147483647;
			dstPath = /usr/share/man/man1/;
			dstSubfolderSpec = 0;
			files = (
			);
			runOnlyForDeploymentPostprocessing = 1;
		};
/* End PBXCopyFilesBuildPhase section */

/* Begin PBXFileReference section */
		6A1AF688243F10D300A58EA2 /* PermutationsGenerator.h */ = {isa = PBXFileReference; fileEncoding = 4; lastKnownFileType = sourcecode.c.h; path = PermutationsGenerator.h; sourceTree = "<group>"; };
		6A1AF689243F10D300A58EA2 /* ComplexExpressionsGenerator.h */ = {isa = PBXFileReference; fileEncoding = 4; lastKnownFileType = sourcecode.c.h; path = ComplexExpressionsGenerator.h; sourceTree = "<group>"; };
		6A1AF68A243F10D300A58EA2 /* SubPermutationsGenerator.h */ = {isa = PBXFileReference; fileEncoding = 4; lastKnownFileType = sourcecode.c.h; path = SubPermutationsGenerator.h; sourceTree = "<group>"; };
		6A1AF68B243F10D300A58EA2 /* IGenerator.h */ = {isa = PBXFileReference; fileEncoding = 4; lastKnownFileType = sourcecode.c.h; path = IGenerator.h; sourceTree = "<group>"; };
		6A1AF68C243F10D300A58EA2 /* ExpressionsGenerator.h */ = {isa = PBXFileReference; fileEncoding = 4; lastKnownFileType = sourcecode.c.h; path = ExpressionsGenerator.h; sourceTree = "<group>"; };
		6A1AF68D243F10D300A58EA2 /* SimpleExpressionsGenerator.h */ = {isa = PBXFileReference; fileEncoding = 4; lastKnownFileType = sourcecode.c.h; path = SimpleExpressionsGenerator.h; sourceTree = "<group>"; };
		6A1AF68E243F10D300A58EA2 /* ParenthesizedExpressionsGenerator.h */ = {isa = PBXFileReference; fileEncoding = 4; lastKnownFileType = sourcecode.c.h; path = ParenthesizedExpressionsGenerator.h; sourceTree = "<group>"; };
		6A1AF694243F1BF000A58EA2 /* ExpressionsGeneratorTests.cpp */ = {isa = PBXFileReference; lastKnownFileType = sourcecode.cpp.cpp; path = ExpressionsGeneratorTests.cpp; sourceTree = "<group>"; };
		6AA821D823D0ECF2003CA7FC /* countdown */ = {isa = PBXFileReference; explicitFileType = "compiled.mach-o.executable"; includeInIndex = 0; path = countdown; sourceTree = BUILT_PRODUCTS_DIR; };
		6AA821DB23D0ECF2003CA7FC /* main.cpp */ = {isa = PBXFileReference; lastKnownFileType = sourcecode.cpp.cpp; path = main.cpp; sourceTree = "<group>"; };
		6AA821E223D0ED9C003CA7FC /* UK_english_truncated.txt */ = {isa = PBXFileReference; fileEncoding = 4; lastKnownFileType = text; path = UK_english_truncated.txt; sourceTree = "<group>"; };
		6AA821E423D0EE2C003CA7FC /* Io.h */ = {isa = PBXFileReference; lastKnownFileType = sourcecode.c.h; path = Io.h; sourceTree = "<group>"; };
		6AA821FD23D8C602003CA7FC /* AbstractGame.h */ = {isa = PBXFileReference; lastKnownFileType = sourcecode.c.h; path = AbstractGame.h; sourceTree = "<group>"; };
		6AA821FE23D8C67A003CA7FC /* GameRunner.h */ = {isa = PBXFileReference; lastKnownFileType = sourcecode.c.h; path = GameRunner.h; sourceTree = "<group>"; };
		6AA821FF23D8C918003CA7FC /* LettersGame.h */ = {isa = PBXFileReference; lastKnownFileType = sourcecode.c.h; path = LettersGame.h; sourceTree = "<group>"; };
		6AA8220023DAF57B003CA7FC /* LettersGame.cpp */ = {isa = PBXFileReference; lastKnownFileType = sourcecode.cpp.cpp; path = LettersGame.cpp; sourceTree = "<group>"; };
		6AA8220723DB1833003CA7FC /* Io.cpp */ = {isa = PBXFileReference; lastKnownFileType = sourcecode.cpp.cpp; path = Io.cpp; sourceTree = "<group>"; };
		6AA8220B23DB189C003CA7FC /* Timer.h */ = {isa = PBXFileReference; lastKnownFileType = sourcecode.c.h; path = Timer.h; sourceTree = "<group>"; };
		6AA8220C23DB1A69003CA7FC /* NumbersGame.cpp */ = {isa = PBXFileReference; lastKnownFileType = sourcecode.cpp.cpp; path = NumbersGame.cpp; sourceTree = "<group>"; };
		6AA8220D23DB1A69003CA7FC /* NumbersGame.h */ = {isa = PBXFileReference; lastKnownFileType = sourcecode.c.h; path = NumbersGame.h; sourceTree = "<group>"; };
		6AA8221123DDD01D003CA7FC /* IGame.h */ = {isa = PBXFileReference; lastKnownFileType = sourcecode.c.h; path = IGame.h; sourceTree = "<group>"; };
		6AA8221423DDEE36003CA7FC /* ConundrumGame.h */ = {isa = PBXFileReference; lastKnownFileType = sourcecode.c.h; path = ConundrumGame.h; sourceTree = "<group>"; };
		6AA8221523DDEF27003CA7FC /* ConundrumGame.cpp */ = {isa = PBXFileReference; lastKnownFileType = sourcecode.cpp.cpp; path = ConundrumGame.cpp; sourceTree = "<group>"; };
		6AAE59C323EDCB9D002860B6 /* NumbersGameUtils.cpp */ = {isa = PBXFileReference; lastKnownFileType = sourcecode.cpp.cpp; path = NumbersGameUtils.cpp; sourceTree = "<group>"; };
		6AAE59C623EDCEC6002860B6 /* main.cpp */ = {isa = PBXFileReference; lastKnownFileType = sourcecode.cpp.cpp; path = main.cpp; sourceTree = "<group>"; };
		6AAE59C823EDCF36002860B6 /* NumbersGameTests.cpp */ = {isa = PBXFileReference; lastKnownFileType = sourcecode.cpp.cpp; path = NumbersGameTests.cpp; sourceTree = "<group>"; };
		6AAE59CB23EF180E002860B6 /* vowels.txt */ = {isa = PBXFileReference; lastKnownFileType = text; path = vowels.txt; sourceTree = "<group>"; };
		6AAE59CC23EF182E002860B6 /* consonants.txt */ = {isa = PBXFileReference; lastKnownFileType = text; path = consonants.txt; sourceTree = "<group>"; };
		6AAE59CD23F2AF64002860B6 /* LettersGameTests.cpp */ = {isa = PBXFileReference; lastKnownFileType = sourcecode.cpp.cpp; path = LettersGameTests.cpp; sourceTree = "<group>"; };
		6AAE59D123F2F7E2002860B6 /* TestUtils.h */ = {isa = PBXFileReference; lastKnownFileType = sourcecode.c.h; path = TestUtils.h; sourceTree = "<group>"; };
		6AAE59D323F328E6002860B6 /* ConundrumGameTests.cpp */ = {isa = PBXFileReference; lastKnownFileType = sourcecode.cpp.cpp; path = ConundrumGameTests.cpp; sourceTree = "<group>"; };
		6ACAE9C623E1A2E80018DCD2 /* countdown_tests */ = {isa = PBXFileReference; explicitFileType = "compiled.mach-o.executable"; includeInIndex = 0; path = countdown_tests; sourceTree = BUILT_PRODUCTS_DIR; };
		6ACAE9CF23E1A5E80018DCD2 /* NumbersGameUtilsTests.cpp */ = {isa = PBXFileReference; lastKnownFileType = sourcecode.cpp.cpp; path = NumbersGameUtilsTests.cpp; sourceTree = "<group>"; };
		6ACAE9D223E1D26E0018DCD2 /* NumbersGameUtils.h */ = {isa = PBXFileReference; lastKnownFileType = sourcecode.c.h; path = NumbersGameUtils.h; sourceTree = "<group>"; };
/* End PBXFileReference section */

/* Begin PBXFrameworksBuildPhase section */
		6AA821D523D0ECF2003CA7FC /* Frameworks */ = {
			isa = PBXFrameworksBuildPhase;
			buildActionMask = 2147483647;
			files = (
			);
			runOnlyForDeploymentPostprocessing = 0;
		};
		6ACAE9C323E1A2E80018DCD2 /* Frameworks */ = {
			isa = PBXFrameworksBuildPhase;
			buildActionMask = 2147483647;
			files = (
			);
			runOnlyForDeploymentPostprocessing = 0;
		};
/* End PBXFrameworksBuildPhase section */

/* Begin PBXGroup section */
		6A1AF68F243F117600A58EA2 /* resources */ = {
			isa = PBXGroup;
			children = (
				6AAE59CC23EF182E002860B6 /* consonants.txt */,
				6AAE59CB23EF180E002860B6 /* vowels.txt */,
				6AA821E223D0ED9C003CA7FC /* UK_english_truncated.txt */,
			);
			path = resources;
			sourceTree = "<group>";
		};
		6A1AF691243F138800A58EA2 /* utilities */ = {
			isa = PBXGroup;
			children = (
				6A1AF693243F167700A58EA2 /* expression_generators */,
				6AA821E423D0EE2C003CA7FC /* Io.h */,
				6AA8220B23DB189C003CA7FC /* Timer.h */,
				6ACAE9D223E1D26E0018DCD2 /* NumbersGameUtils.h */,
				6AA8220723DB1833003CA7FC /* Io.cpp */,
				6AAE59C323EDCB9D002860B6 /* NumbersGameUtils.cpp */,
			);
			path = utilities;
			sourceTree = "<group>";
		};
		6A1AF693243F167700A58EA2 /* expression_generators */ = {
			isa = PBXGroup;
			children = (
				6A1AF68E243F10D300A58EA2 /* ParenthesizedExpressionsGenerator.h */,
				6A1AF68D243F10D300A58EA2 /* SimpleExpressionsGenerator.h */,
				6A1AF68A243F10D300A58EA2 /* SubPermutationsGenerator.h */,
				6A1AF688243F10D300A58EA2 /* PermutationsGenerator.h */,
				6A1AF689243F10D300A58EA2 /* ComplexExpressionsGenerator.h */,
				6A1AF68C243F10D300A58EA2 /* ExpressionsGenerator.h */,
				6A1AF68B243F10D300A58EA2 /* IGenerator.h */,
			);
			path = expression_generators;
			sourceTree = "<group>";
		};
		6A9C1C3423EDC64F006C21DD /* Frameworks */ = {
			isa = PBXGroup;
			children = (
			);
			name = Frameworks;
			sourceTree = "<group>";
		};
		6AA821CF23D0ECF2003CA7FC = {
			isa = PBXGroup;
			children = (
				6AA821DA23D0ECF2003CA7FC /* countdown */,
				6ACAE9C723E1A2E80018DCD2 /* countdown_tests */,
				6AA821D923D0ECF2003CA7FC /* Products */,
				6A9C1C3423EDC64F006C21DD /* Frameworks */,
			);
			sourceTree = "<group>";
		};
		6AA821D923D0ECF2003CA7FC /* Products */ = {
			isa = PBXGroup;
			children = (
				6AA821D823D0ECF2003CA7FC /* countdown */,
				6ACAE9C623E1A2E80018DCD2 /* countdown_tests */,
			);
			name = Products;
			sourceTree = "<group>";
		};
		6AA821DA23D0ECF2003CA7FC /* countdown */ = {
			isa = PBXGroup;
			children = (
				6A1AF691243F138800A58EA2 /* utilities */,
				6A1AF68F243F117600A58EA2 /* resources */,
				6AA821DB23D0ECF2003CA7FC /* main.cpp */,
				6AA821FD23D8C602003CA7FC /* AbstractGame.h */,
				6AA821FE23D8C67A003CA7FC /* GameRunner.h */,
				6AA821FF23D8C918003CA7FC /* LettersGame.h */,
				6AA8220023DAF57B003CA7FC /* LettersGame.cpp */,
				6AA8220C23DB1A69003CA7FC /* NumbersGame.cpp */,
				6AA8220D23DB1A69003CA7FC /* NumbersGame.h */,
				6AA8221123DDD01D003CA7FC /* IGame.h */,
				6AA8221423DDEE36003CA7FC /* ConundrumGame.h */,
				6AA8221523DDEF27003CA7FC /* ConundrumGame.cpp */,
			);
			path = countdown;
			sourceTree = "<group>";
		};
		6ACAE9C723E1A2E80018DCD2 /* countdown_tests */ = {
			isa = PBXGroup;
			children = (
				6ACAE9CF23E1A5E80018DCD2 /* NumbersGameUtilsTests.cpp */,
				6AAE59C623EDCEC6002860B6 /* main.cpp */,
				6AAE59C823EDCF36002860B6 /* NumbersGameTests.cpp */,
				6AAE59CD23F2AF64002860B6 /* LettersGameTests.cpp */,
				6AAE59D123F2F7E2002860B6 /* TestUtils.h */,
				6AAE59D323F328E6002860B6 /* ConundrumGameTests.cpp */,
				6A1AF694243F1BF000A58EA2 /* ExpressionsGeneratorTests.cpp */,
			);
			path = countdown_tests;
			sourceTree = "<group>";
		};
/* End PBXGroup section */

/* Begin PBXNativeTarget section */
		6AA821D723D0ECF2003CA7FC /* countdown */ = {
			isa = PBXNativeTarget;
			buildConfigurationList = 6AA821DF23D0ECF2003CA7FC /* Build configuration list for PBXNativeTarget "countdown" */;
			buildPhases = (
				6AA821D423D0ECF2003CA7FC /* Sources */,
				6AA821D523D0ECF2003CA7FC /* Frameworks */,
				6AA821D623D0ECF2003CA7FC /* CopyFiles */,
			);
			buildRules = (
			);
			dependencies = (
			);
			name = countdown;
			productName = countdown;
			productReference = 6AA821D823D0ECF2003CA7FC /* countdown */;
			productType = "com.apple.product-type.tool";
		};
		6ACAE9C523E1A2E80018DCD2 /* countdown_tests */ = {
			isa = PBXNativeTarget;
			buildConfigurationList = 6ACAE9CC23E1A2E80018DCD2 /* Build configuration list for PBXNativeTarget "countdown_tests" */;
			buildPhases = (
				6ACAE9C223E1A2E80018DCD2 /* Sources */,
				6ACAE9C323E1A2E80018DCD2 /* Frameworks */,
				6ACAE9C423E1A2E80018DCD2 /* CopyFiles */,
			);
			buildRules = (
			);
			dependencies = (
			);
			name = countdown_tests;
			productName = countdown_tests;
			productReference = 6ACAE9C623E1A2E80018DCD2 /* countdown_tests */;
			productType = "com.apple.product-type.tool";
		};
/* End PBXNativeTarget section */

/* Begin PBXProject section */
		6AA821D023D0ECF2003CA7FC /* Project object */ = {
			isa = PBXProject;
			attributes = {
				LastUpgradeCheck = 1130;
				ORGANIZATIONNAME = "Ian Guest";
				TargetAttributes = {
					6AA821D723D0ECF2003CA7FC = {
						CreatedOnToolsVersion = 11.3;
					};
					6ACAE9C523E1A2E80018DCD2 = {
						CreatedOnToolsVersion = 11.3;
					};
				};
			};
			buildConfigurationList = 6AA821D323D0ECF2003CA7FC /* Build configuration list for PBXProject "countdown" */;
			compatibilityVersion = "Xcode 9.3";
			developmentRegion = en;
			hasScannedForEncodings = 0;
			knownRegions = (
				en,
				Base,
			);
			mainGroup = 6AA821CF23D0ECF2003CA7FC;
			productRefGroup = 6AA821D923D0ECF2003CA7FC /* Products */;
			projectDirPath = "";
			projectRoot = "";
			targets = (
				6AA821D723D0ECF2003CA7FC /* countdown */,
				6ACAE9C523E1A2E80018DCD2 /* countdown_tests */,
			);
		};
/* End PBXProject section */

/* Begin PBXSourcesBuildPhase section */
		6AA821D423D0ECF2003CA7FC /* Sources */ = {
			isa = PBXSourcesBuildPhase;
			buildActionMask = 2147483647;
			files = (
				6AA821DC23D0ECF2003CA7FC /* main.cpp in Sources */,
				6AAE59C423EDCB9D002860B6 /* NumbersGameUtils.cpp in Sources */,
				6AA8220123DAF57B003CA7FC /* LettersGame.cpp in Sources */,
				6AA8221623DDEF27003CA7FC /* ConundrumGame.cpp in Sources */,
				6AA8220823DB1833003CA7FC /* Io.cpp in Sources */,
				6AA8220E23DB1A69003CA7FC /* NumbersGame.cpp in Sources */,
			);
			runOnlyForDeploymentPostprocessing = 0;
		};
		6ACAE9C223E1A2E80018DCD2 /* Sources */ = {
			isa = PBXSourcesBuildPhase;
			buildActionMask = 2147483647;
			files = (
				6A1AF696243F203F00A58EA2 /* ExpressionsGeneratorTests.cpp in Sources */,
				6A1AF695243F1BFC00A58EA2 /* ExpressionsGenerator.h in Sources */,
				6A1AF692243F155C00A58EA2 /* NumbersGameUtils.cpp in Sources */,
				6AAE59D523F3294C002860B6 /* ConundrumGame.cpp in Sources */,
				6AAE59CF23F2F524002860B6 /* LettersGame.cpp in Sources */,
				6AAE59C223EDCABD002860B6 /* NumbersGame.cpp in Sources */,
				6AAE59C923EDCF36002860B6 /* NumbersGameTests.cpp in Sources */,
				6AAE59C723EDCEC6002860B6 /* main.cpp in Sources */,
				6ACAE9D023E1A5E80018DCD2 /* NumbersGameUtilsTests.cpp in Sources */,
				6AAE59CE23F2AF64002860B6 /* LettersGameTests.cpp in Sources */,
				6AAE59D423F328E6002860B6 /* ConundrumGameTests.cpp in Sources */,
			);
			runOnlyForDeploymentPostprocessing = 0;
		};
/* End PBXSourcesBuildPhase section */

/* Begin XCBuildConfiguration section */
		6AA821DD23D0ECF2003CA7FC /* Debug */ = {
			isa = XCBuildConfiguration;
			buildSettings = {
				ALWAYS_SEARCH_USER_PATHS = NO;
				CLANG_ANALYZER_NONNULL = YES;
				CLANG_ANALYZER_NUMBER_OBJECT_CONVERSION = YES_AGGRESSIVE;
				CLANG_CXX_LANGUAGE_STANDARD = "gnu++17";
				CLANG_CXX_LIBRARY = "libc++";
				CLANG_ENABLE_MODULES = YES;
				CLANG_ENABLE_OBJC_ARC = YES;
				CLANG_ENABLE_OBJC_WEAK = YES;
				CLANG_WARN_BLOCK_CAPTURE_AUTORELEASING = YES;
				CLANG_WARN_BOOL_CONVERSION = YES;
				CLANG_WARN_COMMA = YES;
				CLANG_WARN_CONSTANT_CONVERSION = YES;
				CLANG_WARN_DEPRECATED_OBJC_IMPLEMENTATIONS = YES;
				CLANG_WARN_DIRECT_OBJC_ISA_USAGE = YES_ERROR;
				CLANG_WARN_DOCUMENTATION_COMMENTS = YES;
				CLANG_WARN_EMPTY_BODY = YES;
				CLANG_WARN_ENUM_CONVERSION = YES;
				CLANG_WARN_INFINITE_RECURSION = YES;
				CLANG_WARN_INT_CONVERSION = YES;
				CLANG_WARN_NON_LITERAL_NULL_CONVERSION = YES;
				CLANG_WARN_OBJC_IMPLICIT_RETAIN_SELF = YES;
				CLANG_WARN_OBJC_LITERAL_CONVERSION = YES;
				CLANG_WARN_OBJC_ROOT_CLASS = YES_ERROR;
				CLANG_WARN_RANGE_LOOP_ANALYSIS = YES;
				CLANG_WARN_STRICT_PROTOTYPES = YES;
				CLANG_WARN_SUSPICIOUS_MOVE = YES;
				CLANG_WARN_UNGUARDED_AVAILABILITY = YES_AGGRESSIVE;
				CLANG_WARN_UNREACHABLE_CODE = YES;
				CLANG_WARN__DUPLICATE_METHOD_MATCH = YES;
				COPY_PHASE_STRIP = NO;
				DEBUG_INFORMATION_FORMAT = dwarf;
				ENABLE_STRICT_OBJC_MSGSEND = YES;
				ENABLE_TESTABILITY = YES;
				GCC_C_LANGUAGE_STANDARD = gnu11;
				GCC_DYNAMIC_NO_PIC = NO;
				GCC_NO_COMMON_BLOCKS = YES;
				GCC_OPTIMIZATION_LEVEL = 0;
				GCC_PREPROCESSOR_DEFINITIONS = (
					"DEBUG=1",
					"$(inherited)",
				);
				GCC_WARN_64_TO_32_BIT_CONVERSION = YES;
				GCC_WARN_ABOUT_RETURN_TYPE = YES_ERROR;
				GCC_WARN_UNDECLARED_SELECTOR = YES;
				GCC_WARN_UNINITIALIZED_AUTOS = YES_AGGRESSIVE;
				GCC_WARN_UNUSED_FUNCTION = YES;
				GCC_WARN_UNUSED_VARIABLE = YES;
				MACOSX_DEPLOYMENT_TARGET = 10.15;
				MTL_ENABLE_DEBUG_INFO = INCLUDE_SOURCE;
				MTL_FAST_MATH = YES;
				ONLY_ACTIVE_ARCH = YES;
				SDKROOT = macosx;
			};
			name = Debug;
		};
		6AA821DE23D0ECF2003CA7FC /* Release */ = {
			isa = XCBuildConfiguration;
			buildSettings = {
				ALWAYS_SEARCH_USER_PATHS = NO;
				CLANG_ANALYZER_NONNULL = YES;
				CLANG_ANALYZER_NUMBER_OBJECT_CONVERSION = YES_AGGRESSIVE;
				CLANG_CXX_LANGUAGE_STANDARD = "gnu++17";
				CLANG_CXX_LIBRARY = "libc++";
				CLANG_ENABLE_MODULES = YES;
				CLANG_ENABLE_OBJC_ARC = YES;
				CLANG_ENABLE_OBJC_WEAK = YES;
				CLANG_WARN_BLOCK_CAPTURE_AUTORELEASING = YES;
				CLANG_WARN_BOOL_CONVERSION = YES;
				CLANG_WARN_COMMA = YES;
				CLANG_WARN_CONSTANT_CONVERSION = YES;
				CLANG_WARN_DEPRECATED_OBJC_IMPLEMENTATIONS = YES;
				CLANG_WARN_DIRECT_OBJC_ISA_USAGE = YES_ERROR;
				CLANG_WARN_DOCUMENTATION_COMMENTS = YES;
				CLANG_WARN_EMPTY_BODY = YES;
				CLANG_WARN_ENUM_CONVERSION = YES;
				CLANG_WARN_INFINITE_RECURSION = YES;
				CLANG_WARN_INT_CONVERSION = YES;
				CLANG_WARN_NON_LITERAL_NULL_CONVERSION = YES;
				CLANG_WARN_OBJC_IMPLICIT_RETAIN_SELF = YES;
				CLANG_WARN_OBJC_LITERAL_CONVERSION = YES;
				CLANG_WARN_OBJC_ROOT_CLASS = YES_ERROR;
				CLANG_WARN_RANGE_LOOP_ANALYSIS = YES;
				CLANG_WARN_STRICT_PROTOTYPES = YES;
				CLANG_WARN_SUSPICIOUS_MOVE = YES;
				CLANG_WARN_UNGUARDED_AVAILABILITY = YES_AGGRESSIVE;
				CLANG_WARN_UNREACHABLE_CODE = YES;
				CLANG_WARN__DUPLICATE_METHOD_MATCH = YES;
				COPY_PHASE_STRIP = NO;
				DEBUG_INFORMATION_FORMAT = "dwarf-with-dsym";
				ENABLE_NS_ASSERTIONS = NO;
				ENABLE_STRICT_OBJC_MSGSEND = YES;
				GCC_C_LANGUAGE_STANDARD = gnu11;
				GCC_NO_COMMON_BLOCKS = YES;
				GCC_WARN_64_TO_32_BIT_CONVERSION = YES;
				GCC_WARN_ABOUT_RETURN_TYPE = YES_ERROR;
				GCC_WARN_UNDECLARED_SELECTOR = YES;
				GCC_WARN_UNINITIALIZED_AUTOS = YES_AGGRESSIVE;
				GCC_WARN_UNUSED_FUNCTION = YES;
				GCC_WARN_UNUSED_VARIABLE = YES;
				MACOSX_DEPLOYMENT_TARGET = 10.15;
				MTL_ENABLE_DEBUG_INFO = NO;
				MTL_FAST_MATH = YES;
				SDKROOT = macosx;
			};
			name = Release;
		};
		6AA821E023D0ECF2003CA7FC /* Debug */ = {
			isa = XCBuildConfiguration;
			buildSettings = {
				CODE_SIGN_STYLE = Automatic;
				PRODUCT_NAME = "$(TARGET_NAME)";
			};
			name = Debug;
		};
		6AA821E123D0ECF2003CA7FC /* Release */ = {
			isa = XCBuildConfiguration;
			buildSettings = {
				CODE_SIGN_STYLE = Automatic;
				PRODUCT_NAME = "$(TARGET_NAME)";
			};
			name = Release;
		};
		6ACAE9CA23E1A2E80018DCD2 /* Debug */ = {
			isa = XCBuildConfiguration;
			buildSettings = {
				CLANG_CXX_LANGUAGE_STANDARD = "gnu++17";
				CODE_SIGN_STYLE = Automatic;
				PRODUCT_NAME = "$(TARGET_NAME)";
			};
			name = Debug;
		};
		6ACAE9CB23E1A2E80018DCD2 /* Release */ = {
			isa = XCBuildConfiguration;
			buildSettings = {
				CLANG_CXX_LANGUAGE_STANDARD = "gnu++17";
				CODE_SIGN_STYLE = Automatic;
				PRODUCT_NAME = "$(TARGET_NAME)";
			};
			name = Release;
		};
/* End XCBuildConfiguration section */

/* Begin XCConfigurationList section */
		6AA821D323D0ECF2003CA7FC /* Build configuration list for PBXProject "countdown" */ = {
			isa = XCConfigurationList;
			buildConfigurations = (
				6AA821DD23D0ECF2003CA7FC /* Debug */,
				6AA821DE23D0ECF2003CA7FC /* Release */,
			);
			defaultConfigurationIsVisible = 0;
			defaultConfigurationName = Release;
		};
		6AA821DF23D0ECF2003CA7FC /* Build configuration list for PBXNativeTarget "countdown" */ = {
			isa = XCConfigurationList;
			buildConfigurations = (
				6AA821E023D0ECF2003CA7FC /* Debug */,
				6AA821E123D0ECF2003CA7FC /* Release */,
			);
			defaultConfigurationIsVisible = 0;
			defaultConfigurationName = Release;
		};
		6ACAE9CC23E1A2E80018DCD2 /* Build configuration list for PBXNativeTarget "countdown_tests" */ = {
			isa = XCConfigurationList;
			buildConfigurations = (
				6ACAE9CA23E1A2E80018DCD2 /* Debug */,
				6ACAE9CB23E1A2E80018DCD2 /* Release */,
			);
			defaultConfigurationIsVisible = 0;
			defaultConfigurationName = Release;
		};
/* End XCConfigurationList section */
	};
	rootObject = 6AA821D023D0ECF2003CA7FC /* Project object */;
}
