// !$*UTF8*$!
{
	archiveVersion = 1;
	classes = {
	};
	objectVersion = 50;
	objects = {

/* Begin PBXBuildFile section */
		6AA821DC23D0ECF2003CA7FC /* main.cpp in Sources */ = {isa = PBXBuildFile; fileRef = 6AA821DB23D0ECF2003CA7FC /* main.cpp */; };
		6AA8220123DAF57B003CA7FC /* LettersGame.cpp in Sources */ = {isa = PBXBuildFile; fileRef = 6AA8220023DAF57B003CA7FC /* LettersGame.cpp */; };
		6AA8220423DB1101003CA7FC /* Constants.cpp in Sources */ = {isa = PBXBuildFile; fileRef = 6AA8220323DB1101003CA7FC /* Constants.cpp */; };
		6AA8220823DB1833003CA7FC /* Io.cpp in Sources */ = {isa = PBXBuildFile; fileRef = 6AA8220723DB1833003CA7FC /* Io.cpp */; };
/* End PBXBuildFile section */

/* Begin PBXCopyFilesBuildPhase section */
		6AA821D623D0ECF2003CA7FC /* CopyFiles */ = {
			isa = PBXCopyFilesBuildPhase;
			buildActionMask = 2147483647;
			dstPath = /usr/share/man/man1/;
			dstSubfolderSpec = 0;
			files = (
			);
			runOnlyForDeploymentPostprocessing = 1;
		};
/* End PBXCopyFilesBuildPhase section */

/* Begin PBXFileReference section */
		6AA821D823D0ECF2003CA7FC /* countdown */ = {isa = PBXFileReference; explicitFileType = "compiled.mach-o.executable"; includeInIndex = 0; path = countdown; sourceTree = BUILT_PRODUCTS_DIR; };
		6AA821DB23D0ECF2003CA7FC /* main.cpp */ = {isa = PBXFileReference; lastKnownFileType = sourcecode.cpp.cpp; path = main.cpp; sourceTree = "<group>"; };
		6AA821E223D0ED9C003CA7FC /* UK_english_truncated.txt */ = {isa = PBXFileReference; fileEncoding = 4; lastKnownFileType = text; path = UK_english_truncated.txt; sourceTree = "<group>"; };
		6AA821E323D0ED9C003CA7FC /* letter_distribution.txt */ = {isa = PBXFileReference; fileEncoding = 4; lastKnownFileType = text; path = letter_distribution.txt; sourceTree = "<group>"; };
		6AA821E423D0EE2C003CA7FC /* Io.h */ = {isa = PBXFileReference; lastKnownFileType = sourcecode.c.h; path = Io.h; sourceTree = "<group>"; };
		6AA821FD23D8C602003CA7FC /* IGame.h */ = {isa = PBXFileReference; lastKnownFileType = sourcecode.c.h; path = IGame.h; sourceTree = "<group>"; };
		6AA821FE23D8C67A003CA7FC /* GameRunner.h */ = {isa = PBXFileReference; lastKnownFileType = sourcecode.c.h; path = GameRunner.h; sourceTree = "<group>"; };
		6AA821FF23D8C918003CA7FC /* LettersGame.h */ = {isa = PBXFileReference; lastKnownFileType = sourcecode.c.h; path = LettersGame.h; sourceTree = "<group>"; };
		6AA8220023DAF57B003CA7FC /* LettersGame.cpp */ = {isa = PBXFileReference; lastKnownFileType = sourcecode.cpp.cpp; path = LettersGame.cpp; sourceTree = "<group>"; };
		6AA8220223DB0209003CA7FC /* Constants.h */ = {isa = PBXFileReference; lastKnownFileType = sourcecode.c.h; path = Constants.h; sourceTree = "<group>"; };
		6AA8220323DB1101003CA7FC /* Constants.cpp */ = {isa = PBXFileReference; lastKnownFileType = sourcecode.cpp.cpp; path = Constants.cpp; sourceTree = "<group>"; };
		6AA8220723DB1833003CA7FC /* Io.cpp */ = {isa = PBXFileReference; lastKnownFileType = sourcecode.cpp.cpp; path = Io.cpp; sourceTree = "<group>"; };
		6AA8220B23DB189C003CA7FC /* Timer.h */ = {isa = PBXFileReference; lastKnownFileType = sourcecode.c.h; path = Timer.h; sourceTree = "<group>"; };
/* End PBXFileReference section */

/* Begin PBXFrameworksBuildPhase section */
		6AA821D523D0ECF2003CA7FC /* Frameworks */ = {
			isa = PBXFrameworksBuildPhase;
			buildActionMask = 2147483647;
			files = (
			);
			runOnlyForDeploymentPostprocessing = 0;
		};
/* End PBXFrameworksBuildPhase section */

/* Begin PBXGroup section */
		6AA821CF23D0ECF2003CA7FC = {
			isa = PBXGroup;
			children = (
				6AA821DA23D0ECF2003CA7FC /* countdown */,
				6AA821D923D0ECF2003CA7FC /* Products */,
			);
			sourceTree = "<group>";
		};
		6AA821D923D0ECF2003CA7FC /* Products */ = {
			isa = PBXGroup;
			children = (
				6AA821D823D0ECF2003CA7FC /* countdown */,
			);
			name = Products;
			sourceTree = "<group>";
		};
		6AA821DA23D0ECF2003CA7FC /* countdown */ = {
			isa = PBXGroup;
			children = (
				6AA821E323D0ED9C003CA7FC /* letter_distribution.txt */,
				6AA821E223D0ED9C003CA7FC /* UK_english_truncated.txt */,
				6AA821DB23D0ECF2003CA7FC /* main.cpp */,
				6AA821E423D0EE2C003CA7FC /* Io.h */,
				6AA821FD23D8C602003CA7FC /* IGame.h */,
				6AA821FE23D8C67A003CA7FC /* GameRunner.h */,
				6AA821FF23D8C918003CA7FC /* LettersGame.h */,
				6AA8220023DAF57B003CA7FC /* LettersGame.cpp */,
				6AA8220223DB0209003CA7FC /* Constants.h */,
				6AA8220323DB1101003CA7FC /* Constants.cpp */,
				6AA8220723DB1833003CA7FC /* Io.cpp */,
				6AA8220B23DB189C003CA7FC /* Timer.h */,
			);
			path = countdown;
			sourceTree = "<group>";
		};
/* End PBXGroup section */

/* Begin PBXNativeTarget section */
		6AA821D723D0ECF2003CA7FC /* countdown */ = {
			isa = PBXNativeTarget;
			buildConfigurationList = 6AA821DF23D0ECF2003CA7FC /* Build configuration list for PBXNativeTarget "countdown" */;
			buildPhases = (
				6AA821D423D0ECF2003CA7FC /* Sources */,
				6AA821D523D0ECF2003CA7FC /* Frameworks */,
				6AA821D623D0ECF2003CA7FC /* CopyFiles */,
			);
			buildRules = (
			);
			dependencies = (
			);
			name = countdown;
			productName = countdown;
			productReference = 6AA821D823D0ECF2003CA7FC /* countdown */;
			productType = "com.apple.product-type.tool";
		};
/* End PBXNativeTarget section */

/* Begin PBXProject section */
		6AA821D023D0ECF2003CA7FC /* Project object */ = {
			isa = PBXProject;
			attributes = {
				LastUpgradeCheck = 1130;
				ORGANIZATIONNAME = "Ian Guest";
				TargetAttributes = {
					6AA821D723D0ECF2003CA7FC = {
						CreatedOnToolsVersion = 11.3;
					};
				};
			};
			buildConfigurationList = 6AA821D323D0ECF2003CA7FC /* Build configuration list for PBXProject "countdown" */;
			compatibilityVersion = "Xcode 9.3";
			developmentRegion = en;
			hasScannedForEncodings = 0;
			knownRegions = (
				en,
				Base,
			);
			mainGroup = 6AA821CF23D0ECF2003CA7FC;
			productRefGroup = 6AA821D923D0ECF2003CA7FC /* Products */;
			projectDirPath = "";
			projectRoot = "";
			targets = (
				6AA821D723D0ECF2003CA7FC /* countdown */,
			);
		};
/* End PBXProject section */

/* Begin PBXSourcesBuildPhase section */
		6AA821D423D0ECF2003CA7FC /* Sources */ = {
			isa = PBXSourcesBuildPhase;
			buildActionMask = 2147483647;
			files = (
				6AA821DC23D0ECF2003CA7FC /* main.cpp in Sources */,
				6AA8220423DB1101003CA7FC /* Constants.cpp in Sources */,
				6AA8220123DAF57B003CA7FC /* LettersGame.cpp in Sources */,
				6AA8220823DB1833003CA7FC /* Io.cpp in Sources */,
			);
			runOnlyForDeploymentPostprocessing = 0;
		};
/* End PBXSourcesBuildPhase section */

/* Begin XCBuildConfiguration section */
		6AA821DD23D0ECF2003CA7FC /* Debug */ = {
			isa = XCBuildConfiguration;
			buildSettings = {
				ALWAYS_SEARCH_USER_PATHS = NO;
				CLANG_ANALYZER_NONNULL = YES;
				CLANG_ANALYZER_NUMBER_OBJECT_CONVERSION = YES_AGGRESSIVE;
				CLANG_CXX_LANGUAGE_STANDARD = "gnu++17";
				CLANG_CXX_LIBRARY = "libc++";
				CLANG_ENABLE_MODULES = YES;
				CLANG_ENABLE_OBJC_ARC = YES;
				CLANG_ENABLE_OBJC_WEAK = YES;
				CLANG_WARN_BLOCK_CAPTURE_AUTORELEASING = YES;
				CLANG_WARN_BOOL_CONVERSION = YES;
				CLANG_WARN_COMMA = YES;
				CLANG_WARN_CONSTANT_CONVERSION = YES;
				CLANG_WARN_DEPRECATED_OBJC_IMPLEMENTATIONS = YES;
				CLANG_WARN_DIRECT_OBJC_ISA_USAGE = YES_ERROR;
				CLANG_WARN_DOCUMENTATION_COMMENTS = YES;
				CLANG_WARN_EMPTY_BODY = YES;
				CLANG_WARN_ENUM_CONVERSION = YES;
				CLANG_WARN_INFINITE_RECURSION = YES;
				CLANG_WARN_INT_CONVERSION = YES;
				CLANG_WARN_NON_LITERAL_NULL_CONVERSION = YES;
				CLANG_WARN_OBJC_IMPLICIT_RETAIN_SELF = YES;
				CLANG_WARN_OBJC_LITERAL_CONVERSION = YES;
				CLANG_WARN_OBJC_ROOT_CLASS = YES_ERROR;
				CLANG_WARN_RANGE_LOOP_ANALYSIS = YES;
				CLANG_WARN_STRICT_PROTOTYPES = YES;
				CLANG_WARN_SUSPICIOUS_MOVE = YES;
				CLANG_WARN_UNGUARDED_AVAILABILITY = YES_AGGRESSIVE;
				CLANG_WARN_UNREACHABLE_CODE = YES;
				CLANG_WARN__DUPLICATE_METHOD_MATCH = YES;
				COPY_PHASE_STRIP = NO;
				DEBUG_INFORMATION_FORMAT = dwarf;
				ENABLE_STRICT_OBJC_MSGSEND = YES;
				ENABLE_TESTABILITY = YES;
				GCC_C_LANGUAGE_STANDARD = gnu11;
				GCC_DYNAMIC_NO_PIC = NO;
				GCC_NO_COMMON_BLOCKS = YES;
				GCC_OPTIMIZATION_LEVEL = 0;
				GCC_PREPROCESSOR_DEFINITIONS = (
					"DEBUG=1",
					"$(inherited)",
				);
				GCC_WARN_64_TO_32_BIT_CONVERSION = YES;
				GCC_WARN_ABOUT_RETURN_TYPE = YES_ERROR;
				GCC_WARN_UNDECLARED_SELECTOR = YES;
				GCC_WARN_UNINITIALIZED_AUTOS = YES_AGGRESSIVE;
				GCC_WARN_UNUSED_FUNCTION = YES;
				GCC_WARN_UNUSED_VARIABLE = YES;
				MACOSX_DEPLOYMENT_TARGET = 10.15;
				MTL_ENABLE_DEBUG_INFO = INCLUDE_SOURCE;
				MTL_FAST_MATH = YES;
				ONLY_ACTIVE_ARCH = YES;
				SDKROOT = macosx;
			};
			name = Debug;
		};
		6AA821DE23D0ECF2003CA7FC /* Release */ = {
			isa = XCBuildConfiguration;
			buildSettings = {
				ALWAYS_SEARCH_USER_PATHS = NO;
				CLANG_ANALYZER_NONNULL = YES;
				CLANG_ANALYZER_NUMBER_OBJECT_CONVERSION = YES_AGGRESSIVE;
				CLANG_CXX_LANGUAGE_STANDARD = "gnu++17";
				CLANG_CXX_LIBRARY = "libc++";
				CLANG_ENABLE_MODULES = YES;
				CLANG_ENABLE_OBJC_ARC = YES;
				CLANG_ENABLE_OBJC_WEAK = YES;
				CLANG_WARN_BLOCK_CAPTURE_AUTORELEASING = YES;
				CLANG_WARN_BOOL_CONVERSION = YES;
				CLANG_WARN_COMMA = YES;
				CLANG_WARN_CONSTANT_CONVERSION = YES;
				CLANG_WARN_DEPRECATED_OBJC_IMPLEMENTATIONS = YES;
				CLANG_WARN_DIRECT_OBJC_ISA_USAGE = YES_ERROR;
				CLANG_WARN_DOCUMENTATION_COMMENTS = YES;
				CLANG_WARN_EMPTY_BODY = YES;
				CLANG_WARN_ENUM_CONVERSION = YES;
				CLANG_WARN_INFINITE_RECURSION = YES;
				CLANG_WARN_INT_CONVERSION = YES;
				CLANG_WARN_NON_LITERAL_NULL_CONVERSION = YES;
				CLANG_WARN_OBJC_IMPLICIT_RETAIN_SELF = YES;
				CLANG_WARN_OBJC_LITERAL_CONVERSION = YES;
				CLANG_WARN_OBJC_ROOT_CLASS = YES_ERROR;
				CLANG_WARN_RANGE_LOOP_ANALYSIS = YES;
				CLANG_WARN_STRICT_PROTOTYPES = YES;
				CLANG_WARN_SUSPICIOUS_MOVE = YES;
				CLANG_WARN_UNGUARDED_AVAILABILITY = YES_AGGRESSIVE;
				CLANG_WARN_UNREACHABLE_CODE = YES;
				CLANG_WARN__DUPLICATE_METHOD_MATCH = YES;
				COPY_PHASE_STRIP = NO;
				DEBUG_INFORMATION_FORMAT = "dwarf-with-dsym";
				ENABLE_NS_ASSERTIONS = NO;
				ENABLE_STRICT_OBJC_MSGSEND = YES;
				GCC_C_LANGUAGE_STANDARD = gnu11;
				GCC_NO_COMMON_BLOCKS = YES;
				GCC_WARN_64_TO_32_BIT_CONVERSION = YES;
				GCC_WARN_ABOUT_RETURN_TYPE = YES_ERROR;
				GCC_WARN_UNDECLARED_SELECTOR = YES;
				GCC_WARN_UNINITIALIZED_AUTOS = YES_AGGRESSIVE;
				GCC_WARN_UNUSED_FUNCTION = YES;
				GCC_WARN_UNUSED_VARIABLE = YES;
				MACOSX_DEPLOYMENT_TARGET = 10.15;
				MTL_ENABLE_DEBUG_INFO = NO;
				MTL_FAST_MATH = YES;
				SDKROOT = macosx;
			};
			name = Release;
		};
		6AA821E023D0ECF2003CA7FC /* Debug */ = {
			isa = XCBuildConfiguration;
			buildSettings = {
				CODE_SIGN_STYLE = Automatic;
				PRODUCT_NAME = "$(TARGET_NAME)";
			};
			name = Debug;
		};
		6AA821E123D0ECF2003CA7FC /* Release */ = {
			isa = XCBuildConfiguration;
			buildSettings = {
				CODE_SIGN_STYLE = Automatic;
				PRODUCT_NAME = "$(TARGET_NAME)";
			};
			name = Release;
		};
/* End XCBuildConfiguration section */

/* Begin XCConfigurationList section */
		6AA821D323D0ECF2003CA7FC /* Build configuration list for PBXProject "countdown" */ = {
			isa = XCConfigurationList;
			buildConfigurations = (
				6AA821DD23D0ECF2003CA7FC /* Debug */,
				6AA821DE23D0ECF2003CA7FC /* Release */,
			);
			defaultConfigurationIsVisible = 0;
			defaultConfigurationName = Release;
		};
		6AA821DF23D0ECF2003CA7FC /* Build configuration list for PBXNativeTarget "countdown" */ = {
			isa = XCConfigurationList;
			buildConfigurations = (
				6AA821E023D0ECF2003CA7FC /* Debug */,
				6AA821E123D0ECF2003CA7FC /* Release */,
			);
			defaultConfigurationIsVisible = 0;
			defaultConfigurationName = Release;
		};
/* End XCConfigurationList section */
	};
	rootObject = 6AA821D023D0ECF2003CA7FC /* Project object */;
}
